// !$*UTF8*$!
{
	archiveVersion = 1;
	classes = {
	};
	objectVersion = 55;
	objects = {

/* Begin PBXBuildFile section */
		AD6FC885271B02AE0021E1B2 /* CreateMemory.swift in Sources */ = {isa = PBXBuildFile; fileRef = AD6FC884271B02AE0021E1B2 /* CreateMemory.swift */; };
		AD6FC888271B02C50021E1B2 /* ImagePicker.swift in Sources */ = {isa = PBXBuildFile; fileRef = AD6FC887271B02C50021E1B2 /* ImagePicker.swift */; };
		AD6FC88B271B061A0021E1B2 /* CardView.swift in Sources */ = {isa = PBXBuildFile; fileRef = AD6FC88A271B061A0021E1B2 /* CardView.swift */; };
		AD6FC88E271B06410021E1B2 /* DetailView.swift in Sources */ = {isa = PBXBuildFile; fileRef = AD6FC88D271B06410021E1B2 /* DetailView.swift */; };
		AD6FC891271B08560021E1B2 /* BlurView.swift in Sources */ = {isa = PBXBuildFile; fileRef = AD6FC890271B08560021E1B2 /* BlurView.swift */; };
		ADA957E6271B6413009800D6 /* HomeViewModel.swift in Sources */ = {isa = PBXBuildFile; fileRef = ADA957E5271B6413009800D6 /* HomeViewModel.swift */; };
		ADEA522326C444D60093C3B5 /* Reminisce.xcdatamodeld in Sources */ = {isa = PBXBuildFile; fileRef = ADEA51FE26C444D50093C3B5 /* Reminisce.xcdatamodeld */; };
		ADEA522526C444D60093C3B5 /* ReminisceApp.swift in Sources */ = {isa = PBXBuildFile; fileRef = ADEA520026C444D50093C3B5 /* ReminisceApp.swift */; };
		ADEA522726C444D60093C3B5 /* ContentView.swift in Sources */ = {isa = PBXBuildFile; fileRef = ADEA520126C444D50093C3B5 /* ContentView.swift */; };
		ADEA522926C444D60093C3B5 /* Persistence.swift in Sources */ = {isa = PBXBuildFile; fileRef = ADEA520226C444D50093C3B5 /* Persistence.swift */; };
		ADEA522B26C444D60093C3B5 /* Assets.xcassets in Resources */ = {isa = PBXBuildFile; fileRef = ADEA520326C444D60093C3B5 /* Assets.xcassets */; };
		ADEA525A26C447900093C3B5 /* Home.swift in Sources */ = {isa = PBXBuildFile; fileRef = ADEA525926C447900093C3B5 /* Home.swift */; };
		ADEA525F26C44AC90093C3B5 /* CloudKit.framework in Frameworks */ = {isa = PBXBuildFile; fileRef = ADEA525E26C44AC90093C3B5 /* CloudKit.framework */; };
		DE5295C12762D537000574B3 /* MotionAnimationView.swift in Sources */ = {isa = PBXBuildFile; fileRef = DE5295C02762D537000574B3 /* MotionAnimationView.swift */; };
		DEBF3B5627642F0300827042 /* KeyboardObserving in Frameworks */ = {isa = PBXBuildFile; productRef = DEBF3B5527642F0300827042 /* KeyboardObserving */; };
/* End PBXBuildFile section */

/* Begin PBXFileReference section */
		AD6FC884271B02AE0021E1B2 /* CreateMemory.swift */ = {isa = PBXFileReference; lastKnownFileType = sourcecode.swift; path = CreateMemory.swift; sourceTree = "<group>"; };
		AD6FC887271B02C50021E1B2 /* ImagePicker.swift */ = {isa = PBXFileReference; lastKnownFileType = sourcecode.swift; path = ImagePicker.swift; sourceTree = "<group>"; };
		AD6FC88A271B061A0021E1B2 /* CardView.swift */ = {isa = PBXFileReference; lastKnownFileType = sourcecode.swift; path = CardView.swift; sourceTree = "<group>"; };
		AD6FC88D271B06410021E1B2 /* DetailView.swift */ = {isa = PBXFileReference; lastKnownFileType = sourcecode.swift; path = DetailView.swift; sourceTree = "<group>"; };
		AD6FC890271B08560021E1B2 /* BlurView.swift */ = {isa = PBXFileReference; lastKnownFileType = sourcecode.swift; path = BlurView.swift; sourceTree = "<group>"; };
		ADA957E5271B6413009800D6 /* HomeViewModel.swift */ = {isa = PBXFileReference; lastKnownFileType = sourcecode.swift; path = HomeViewModel.swift; sourceTree = "<group>"; };
		ADEA51FF26C444D50093C3B5 /* Shared.xcdatamodel */ = {isa = PBXFileReference; lastKnownFileType = wrapper.xcdatamodel; path = Shared.xcdatamodel; sourceTree = "<group>"; };
		ADEA520026C444D50093C3B5 /* ReminisceApp.swift */ = {isa = PBXFileReference; lastKnownFileType = sourcecode.swift; path = ReminisceApp.swift; sourceTree = "<group>"; };
		ADEA520126C444D50093C3B5 /* ContentView.swift */ = {isa = PBXFileReference; lastKnownFileType = sourcecode.swift; path = ContentView.swift; sourceTree = "<group>"; };
		ADEA520226C444D50093C3B5 /* Persistence.swift */ = {isa = PBXFileReference; lastKnownFileType = sourcecode.swift; path = Persistence.swift; sourceTree = "<group>"; };
		ADEA520326C444D60093C3B5 /* Assets.xcassets */ = {isa = PBXFileReference; lastKnownFileType = folder.assetcatalog; path = Assets.xcassets; sourceTree = "<group>"; };
		ADEA520826C444D60093C3B5 /* Posts.app */ = {isa = PBXFileReference; explicitFileType = wrapper.application; includeInIndex = 0; path = Posts.app; sourceTree = BUILT_PRODUCTS_DIR; };
		ADEA525926C447900093C3B5 /* Home.swift */ = {isa = PBXFileReference; lastKnownFileType = sourcecode.swift; path = Home.swift; sourceTree = "<group>"; };
		ADEA525C26C44AC40093C3B5 /* Reminisce (iOS).entitlements */ = {isa = PBXFileReference; lastKnownFileType = text.plist.entitlements; path = "Reminisce (iOS).entitlements"; sourceTree = "<group>"; };
		ADEA525E26C44AC90093C3B5 /* CloudKit.framework */ = {isa = PBXFileReference; lastKnownFileType = wrapper.framework; name = CloudKit.framework; path = Platforms/iPhoneOS.platform/Developer/SDKs/iPhoneOS15.0.sdk/System/Library/Frameworks/CloudKit.framework; sourceTree = DEVELOPER_DIR; };
		ADEA526026C44B040093C3B5 /* Posts--iOS--Info.plist */ = {isa = PBXFileReference; lastKnownFileType = text.plist.xml; path = "Posts--iOS--Info.plist"; sourceTree = "<group>"; };
		DE5295C02762D537000574B3 /* MotionAnimationView.swift */ = {isa = PBXFileReference; lastKnownFileType = sourcecode.swift; path = MotionAnimationView.swift; sourceTree = "<group>"; };
/* End PBXFileReference section */

/* Begin PBXFrameworksBuildPhase section */
		ADEA520526C444D60093C3B5 /* Frameworks */ = {
			isa = PBXFrameworksBuildPhase;
			buildActionMask = 2147483647;
			files = (
				ADEA525F26C44AC90093C3B5 /* CloudKit.framework in Frameworks */,
				DEBF3B5627642F0300827042 /* KeyboardObserving in Frameworks */,
			);
			runOnlyForDeploymentPostprocessing = 0;
		};
/* End PBXFrameworksBuildPhase section */

/* Begin PBXGroup section */
		ADA957E4271B640B009800D6 /* ViewModel */ = {
			isa = PBXGroup;
			children = (
				ADA957E5271B6413009800D6 /* HomeViewModel.swift */,
			);
			path = ViewModel;
			sourceTree = "<group>";
		};
		ADEA51F826C444D50093C3B5 = {
			isa = PBXGroup;
			children = (
				ADEA526026C44B040093C3B5 /* Posts--iOS--Info.plist */,
				ADEA525C26C44AC40093C3B5 /* Reminisce (iOS).entitlements */,
				ADEA51FD26C444D50093C3B5 /* Shared */,
				ADEA520926C444D60093C3B5 /* Products */,
				ADEA525D26C44AC90093C3B5 /* Frameworks */,
			);
			sourceTree = "<group>";
		};
		ADEA51FD26C444D50093C3B5 /* Shared */ = {
			isa = PBXGroup;
			children = (
				ADA957E4271B640B009800D6 /* ViewModel */,
				ADEA525626C4477E0093C3B5 /* View */,
				ADEA520026C444D50093C3B5 /* ReminisceApp.swift */,
				ADEA520126C444D50093C3B5 /* ContentView.swift */,
				ADEA520226C444D50093C3B5 /* Persistence.swift */,
				ADEA520326C444D60093C3B5 /* Assets.xcassets */,
				ADEA51FE26C444D50093C3B5 /* Reminisce.xcdatamodeld */,
			);
			path = Shared;
			sourceTree = "<group>";
		};
		ADEA520926C444D60093C3B5 /* Products */ = {
			isa = PBXGroup;
			children = (
				ADEA520826C444D60093C3B5 /* Posts.app */,
			);
			name = Products;
			sourceTree = "<group>";
		};
		ADEA525626C4477E0093C3B5 /* View */ = {
			isa = PBXGroup;
			children = (
				ADEA525926C447900093C3B5 /* Home.swift */,
				AD6FC884271B02AE0021E1B2 /* CreateMemory.swift */,
				AD6FC887271B02C50021E1B2 /* ImagePicker.swift */,
				AD6FC88A271B061A0021E1B2 /* CardView.swift */,
				AD6FC88D271B06410021E1B2 /* DetailView.swift */,
				AD6FC890271B08560021E1B2 /* BlurView.swift */,
				DE5295C02762D537000574B3 /* MotionAnimationView.swift */,
			);
			path = View;
			sourceTree = "<group>";
		};
		ADEA525D26C44AC90093C3B5 /* Frameworks */ = {
			isa = PBXGroup;
			children = (
				ADEA525E26C44AC90093C3B5 /* CloudKit.framework */,
			);
			name = Frameworks;
			sourceTree = "<group>";
		};
/* End PBXGroup section */

/* Begin PBXNativeTarget section */
		ADEA520726C444D60093C3B5 /* Posts (iOS) */ = {
			isa = PBXNativeTarget;
			buildConfigurationList = ADEA522F26C444D60093C3B5 /* Build configuration list for PBXNativeTarget "Posts (iOS)" */;
			buildPhases = (
				ADEA520426C444D60093C3B5 /* Sources */,
				ADEA520526C444D60093C3B5 /* Frameworks */,
				ADEA520626C444D60093C3B5 /* Resources */,
			);
			buildRules = (
			);
			dependencies = (
			);
			name = "Posts (iOS)";
			packageProductDependencies = (
				DEBF3B5527642F0300827042 /* KeyboardObserving */,
			);
			productName = "Reminisce (iOS)";
			productReference = ADEA520826C444D60093C3B5 /* Posts.app */;
			productType = "com.apple.product-type.application";
		};
/* End PBXNativeTarget section */

/* Begin PBXProject section */
		ADEA51F926C444D50093C3B5 /* Project object */ = {
			isa = PBXProject;
			attributes = {
				BuildIndependentTargetsInParallel = 1;
				LastSwiftUpdateCheck = 1300;
				LastUpgradeCheck = 1310;
				TargetAttributes = {
					ADEA520726C444D60093C3B5 = {
						CreatedOnToolsVersion = 13.0;
					};
				};
			};
			buildConfigurationList = ADEA51FC26C444D50093C3B5 /* Build configuration list for PBXProject "Posts" */;
			compatibilityVersion = "Xcode 13.0";
			developmentRegion = en;
			hasScannedForEncodings = 0;
			knownRegions = (
				en,
				Base,
			);
			mainGroup = ADEA51F826C444D50093C3B5;
			packageReferences = (
				DEBF3B5427642F0300827042 /* XCRemoteSwiftPackageReference "KeyboardObserving" */,
			);
			productRefGroup = ADEA520926C444D60093C3B5 /* Products */;
			projectDirPath = "";
			projectRoot = "";
			targets = (
				ADEA520726C444D60093C3B5 /* Posts (iOS) */,
			);
		};
/* End PBXProject section */

/* Begin PBXResourcesBuildPhase section */
		ADEA520626C444D60093C3B5 /* Resources */ = {
			isa = PBXResourcesBuildPhase;
			buildActionMask = 2147483647;
			files = (
				ADEA522B26C444D60093C3B5 /* Assets.xcassets in Resources */,
			);
			runOnlyForDeploymentPostprocessing = 0;
		};
/* End PBXResourcesBuildPhase section */

/* Begin PBXSourcesBuildPhase section */
		ADEA520426C444D60093C3B5 /* Sources */ = {
			isa = PBXSourcesBuildPhase;
			buildActionMask = 2147483647;
			files = (
				AD6FC885271B02AE0021E1B2 /* CreateMemory.swift in Sources */,
				ADA957E6271B6413009800D6 /* HomeViewModel.swift in Sources */,
				AD6FC88E271B06410021E1B2 /* DetailView.swift in Sources */,
				ADEA522326C444D60093C3B5 /* Reminisce.xcdatamodeld in Sources */,
				ADEA522926C444D60093C3B5 /* Persistence.swift in Sources */,
				AD6FC888271B02C50021E1B2 /* ImagePicker.swift in Sources */,
				ADEA525A26C447900093C3B5 /* Home.swift in Sources */,
				ADEA522526C444D60093C3B5 /* ReminisceApp.swift in Sources */,
				AD6FC891271B08560021E1B2 /* BlurView.swift in Sources */,
				DE5295C12762D537000574B3 /* MotionAnimationView.swift in Sources */,
				AD6FC88B271B061A0021E1B2 /* CardView.swift in Sources */,
				ADEA522726C444D60093C3B5 /* ContentView.swift in Sources */,
			);
			runOnlyForDeploymentPostprocessing = 0;
		};
/* End PBXSourcesBuildPhase section */

/* Begin XCBuildConfiguration section */
		ADEA522D26C444D60093C3B5 /* Debug */ = {
			isa = XCBuildConfiguration;
			buildSettings = {
				ALWAYS_SEARCH_USER_PATHS = NO;
				CLANG_ANALYZER_NONNULL = YES;
				CLANG_ANALYZER_NUMBER_OBJECT_CONVERSION = YES_AGGRESSIVE;
				CLANG_CXX_LANGUAGE_STANDARD = "gnu++17";
				CLANG_CXX_LIBRARY = "libc++";
				CLANG_ENABLE_MODULES = YES;
				CLANG_ENABLE_OBJC_ARC = YES;
				CLANG_ENABLE_OBJC_WEAK = YES;
				CLANG_WARN_BLOCK_CAPTURE_AUTORELEASING = YES;
				CLANG_WARN_BOOL_CONVERSION = YES;
				CLANG_WARN_COMMA = YES;
				CLANG_WARN_CONSTANT_CONVERSION = YES;
				CLANG_WARN_DEPRECATED_OBJC_IMPLEMENTATIONS = YES;
				CLANG_WARN_DIRECT_OBJC_ISA_USAGE = YES_ERROR;
				CLANG_WARN_DOCUMENTATION_COMMENTS = YES;
				CLANG_WARN_EMPTY_BODY = YES;
				CLANG_WARN_ENUM_CONVERSION = YES;
				CLANG_WARN_INFINITE_RECURSION = YES;
				CLANG_WARN_INT_CONVERSION = YES;
				CLANG_WARN_NON_LITERAL_NULL_CONVERSION = YES;
				CLANG_WARN_OBJC_IMPLICIT_RETAIN_SELF = YES;
				CLANG_WARN_OBJC_LITERAL_CONVERSION = YES;
				CLANG_WARN_OBJC_ROOT_CLASS = YES_ERROR;
				CLANG_WARN_QUOTED_INCLUDE_IN_FRAMEWORK_HEADER = YES;
				CLANG_WARN_RANGE_LOOP_ANALYSIS = YES;
				CLANG_WARN_STRICT_PROTOTYPES = YES;
				CLANG_WARN_SUSPICIOUS_MOVE = YES;
				CLANG_WARN_UNGUARDED_AVAILABILITY = YES_AGGRESSIVE;
				CLANG_WARN_UNREACHABLE_CODE = YES;
				CLANG_WARN__DUPLICATE_METHOD_MATCH = YES;
				COPY_PHASE_STRIP = NO;
				DEBUG_INFORMATION_FORMAT = dwarf;
				ENABLE_STRICT_OBJC_MSGSEND = YES;
				ENABLE_TESTABILITY = YES;
				GCC_C_LANGUAGE_STANDARD = gnu11;
				GCC_DYNAMIC_NO_PIC = NO;
				GCC_NO_COMMON_BLOCKS = YES;
				GCC_OPTIMIZATION_LEVEL = 0;
				GCC_PREPROCESSOR_DEFINITIONS = (
					"DEBUG=1",
					"$(inherited)",
				);
				GCC_WARN_64_TO_32_BIT_CONVERSION = YES;
				GCC_WARN_ABOUT_RETURN_TYPE = YES_ERROR;
				GCC_WARN_UNDECLARED_SELECTOR = YES;
				GCC_WARN_UNINITIALIZED_AUTOS = YES_AGGRESSIVE;
				GCC_WARN_UNUSED_FUNCTION = YES;
				GCC_WARN_UNUSED_VARIABLE = YES;
				MTL_ENABLE_DEBUG_INFO = INCLUDE_SOURCE;
				MTL_FAST_MATH = YES;
				ONLY_ACTIVE_ARCH = YES;
				SWIFT_ACTIVE_COMPILATION_CONDITIONS = DEBUG;
				SWIFT_OPTIMIZATION_LEVEL = "-Onone";
			};
			name = Debug;
		};
		ADEA522E26C444D60093C3B5 /* Release */ = {
			isa = XCBuildConfiguration;
			buildSettings = {
				ALWAYS_SEARCH_USER_PATHS = NO;
				CLANG_ANALYZER_NONNULL = YES;
				CLANG_ANALYZER_NUMBER_OBJECT_CONVERSION = YES_AGGRESSIVE;
				CLANG_CXX_LANGUAGE_STANDARD = "gnu++17";
				CLANG_CXX_LIBRARY = "libc++";
				CLANG_ENABLE_MODULES = YES;
				CLANG_ENABLE_OBJC_ARC = YES;
				CLANG_ENABLE_OBJC_WEAK = YES;
				CLANG_WARN_BLOCK_CAPTURE_AUTORELEASING = YES;
				CLANG_WARN_BOOL_CONVERSION = YES;
				CLANG_WARN_COMMA = YES;
				CLANG_WARN_CONSTANT_CONVERSION = YES;
				CLANG_WARN_DEPRECATED_OBJC_IMPLEMENTATIONS = YES;
				CLANG_WARN_DIRECT_OBJC_ISA_USAGE = YES_ERROR;
				CLANG_WARN_DOCUMENTATION_COMMENTS = YES;
				CLANG_WARN_EMPTY_BODY = YES;
				CLANG_WARN_ENUM_CONVERSION = YES;
				CLANG_WARN_INFINITE_RECURSION = YES;
				CLANG_WARN_INT_CONVERSION = YES;
				CLANG_WARN_NON_LITERAL_NULL_CONVERSION = YES;
				CLANG_WARN_OBJC_IMPLICIT_RETAIN_SELF = YES;
				CLANG_WARN_OBJC_LITERAL_CONVERSION = YES;
				CLANG_WARN_OBJC_ROOT_CLASS = YES_ERROR;
				CLANG_WARN_QUOTED_INCLUDE_IN_FRAMEWORK_HEADER = YES;
				CLANG_WARN_RANGE_LOOP_ANALYSIS = YES;
				CLANG_WARN_STRICT_PROTOTYPES = YES;
				CLANG_WARN_SUSPICIOUS_MOVE = YES;
				CLANG_WARN_UNGUARDED_AVAILABILITY = YES_AGGRESSIVE;
				CLANG_WARN_UNREACHABLE_CODE = YES;
				CLANG_WARN__DUPLICATE_METHOD_MATCH = YES;
				COPY_PHASE_STRIP = NO;
				DEBUG_INFORMATION_FORMAT = "dwarf-with-dsym";
				ENABLE_NS_ASSERTIONS = NO;
				ENABLE_STRICT_OBJC_MSGSEND = YES;
				GCC_C_LANGUAGE_STANDARD = gnu11;
				GCC_NO_COMMON_BLOCKS = YES;
				GCC_WARN_64_TO_32_BIT_CONVERSION = YES;
				GCC_WARN_ABOUT_RETURN_TYPE = YES_ERROR;
				GCC_WARN_UNDECLARED_SELECTOR = YES;
				GCC_WARN_UNINITIALIZED_AUTOS = YES_AGGRESSIVE;
				GCC_WARN_UNUSED_FUNCTION = YES;
				GCC_WARN_UNUSED_VARIABLE = YES;
				MTL_ENABLE_DEBUG_INFO = NO;
				MTL_FAST_MATH = YES;
				SWIFT_COMPILATION_MODE = wholemodule;
				SWIFT_OPTIMIZATION_LEVEL = "-O";
			};
			name = Release;
		};
		ADEA523026C444D60093C3B5 /* Debug */ = {
			isa = XCBuildConfiguration;
			buildSettings = {
				ASSETCATALOG_COMPILER_APPICON_NAME = AppIcon;
				ASSETCATALOG_COMPILER_GLOBAL_ACCENT_COLOR_NAME = AccentColor;
				CODE_SIGN_ENTITLEMENTS = "Reminisce (iOS).entitlements";
				CODE_SIGN_STYLE = Automatic;
				CURRENT_PROJECT_VERSION = 1;
				DEVELOPMENT_TEAM = 7Z4DKWZ4UK;
				ENABLE_PREVIEWS = YES;
				GENERATE_INFOPLIST_FILE = YES;
				INFOPLIST_FILE = "Posts--iOS--Info.plist";
				INFOPLIST_KEY_CFBundleDisplayName = Posts;
				INFOPLIST_KEY_UIApplicationSceneManifest_Generation = YES;
				INFOPLIST_KEY_UIApplicationSupportsIndirectInputEvents = YES;
				INFOPLIST_KEY_UISupportedInterfaceOrientations = UIInterfaceOrientationPortrait;
				INFOPLIST_KEY_UISupportedInterfaceOrientations_iPad = "UIInterfaceOrientationPortrait UIInterfaceOrientationPortraitUpsideDown UIInterfaceOrientationLandscapeLeft UIInterfaceOrientationLandscapeRight";
				INFOPLIST_KEY_UISupportedInterfaceOrientations_iPhone = "UIInterfaceOrientationPortrait UIInterfaceOrientationLandscapeLeft UIInterfaceOrientationLandscapeRight";
				INFOPLIST_KEY_UIUserInterfaceStyle = Dark;
				IPHONEOS_DEPLOYMENT_TARGET = 15.0;
				LD_RUNPATH_SEARCH_PATHS = (
					"$(inherited)",
					"@executable_path/Frameworks",
				);
				MARKETING_VERSION = 1.0;
				PRODUCT_BUNDLE_IDENTIFIER = net.terupro.Posts;
				PRODUCT_NAME = Posts;
				SDKROOT = iphoneos;
				SUPPORTS_MACCATALYST = NO;
				SWIFT_EMIT_LOC_STRINGS = YES;
				SWIFT_VERSION = 5.0;
				TARGETED_DEVICE_FAMILY = "1,2";
			};
			name = Debug;
		};
		ADEA523126C444D60093C3B5 /* Release */ = {
			isa = XCBuildConfiguration;
			buildSettings = {
				ASSETCATALOG_COMPILER_APPICON_NAME = AppIcon;
				ASSETCATALOG_COMPILER_GLOBAL_ACCENT_COLOR_NAME = AccentColor;
				CODE_SIGN_ENTITLEMENTS = "Reminisce (iOS).entitlements";
				CODE_SIGN_STYLE = Automatic;
				CURRENT_PROJECT_VERSION = 1;
				DEVELOPMENT_TEAM = 7Z4DKWZ4UK;
				ENABLE_PREVIEWS = YES;
				GENERATE_INFOPLIST_FILE = YES;
				INFOPLIST_FILE = "Posts--iOS--Info.plist";
				INFOPLIST_KEY_CFBundleDisplayName = Posts;
				INFOPLIST_KEY_UIApplicationSceneManifest_Generation = YES;
				INFOPLIST_KEY_UIApplicationSupportsIndirectInputEvents = YES;
				INFOPLIST_KEY_UISupportedInterfaceOrientations = UIInterfaceOrientationPortrait;
				INFOPLIST_KEY_UISupportedInterfaceOrientations_iPad = "UIInterfaceOrientationPortrait UIInterfaceOrientationPortraitUpsideDown UIInterfaceOrientationLandscapeLeft UIInterfaceOrientationLandscapeRight";
				INFOPLIST_KEY_UISupportedInterfaceOrientations_iPhone = "UIInterfaceOrientationPortrait UIInterfaceOrientationLandscapeLeft UIInterfaceOrientationLandscapeRight";
				INFOPLIST_KEY_UIUserInterfaceStyle = Dark;
				IPHONEOS_DEPLOYMENT_TARGET = 15.0;
				LD_RUNPATH_SEARCH_PATHS = (
					"$(inherited)",
					"@executable_path/Frameworks",
				);
				MARKETING_VERSION = 1.0;
				PRODUCT_BUNDLE_IDENTIFIER = net.terupro.Posts;
				PRODUCT_NAME = Posts;
				SDKROOT = iphoneos;
				SUPPORTS_MACCATALYST = NO;
				SWIFT_EMIT_LOC_STRINGS = YES;
				SWIFT_VERSION = 5.0;
				TARGETED_DEVICE_FAMILY = "1,2";
				VALIDATE_PRODUCT = YES;
			};
			name = Release;
		};
/* End XCBuildConfiguration section */

/* Begin XCConfigurationList section */
		ADEA51FC26C444D50093C3B5 /* Build configuration list for PBXProject "Posts" */ = {
			isa = XCConfigurationList;
			buildConfigurations = (
				ADEA522D26C444D60093C3B5 /* Debug */,
				ADEA522E26C444D60093C3B5 /* Release */,
			);
			defaultConfigurationIsVisible = 0;
			defaultConfigurationName = Release;
		};
		ADEA522F26C444D60093C3B5 /* Build configuration list for PBXNativeTarget "Posts (iOS)" */ = {
			isa = XCConfigurationList;
			buildConfigurations = (
				ADEA523026C444D60093C3B5 /* Debug */,
				ADEA523126C444D60093C3B5 /* Release */,
			);
			defaultConfigurationIsVisible = 0;
			defaultConfigurationName = Release;
		};
/* End XCConfigurationList section */

/* Begin XCRemoteSwiftPackageReference section */
		DEBF3B5427642F0300827042 /* XCRemoteSwiftPackageReference "KeyboardObserving" */ = {
			isa = XCRemoteSwiftPackageReference;
			repositoryURL = "https://github.com/nickffox/KeyboardObserving.git";
			requirement = {
				kind = upToNextMajorVersion;
				minimumVersion = 0.3.0;
			};
		};
/* End XCRemoteSwiftPackageReference section */

/* Begin XCSwiftPackageProductDependency section */
		DEBF3B5527642F0300827042 /* KeyboardObserving */ = {
			isa = XCSwiftPackageProductDependency;
			package = DEBF3B5427642F0300827042 /* XCRemoteSwiftPackageReference "KeyboardObserving" */;
			productName = KeyboardObserving;
		};
/* End XCSwiftPackageProductDependency section */

/* Begin XCVersionGroup section */
		ADEA51FE26C444D50093C3B5 /* Reminisce.xcdatamodeld */ = {
			isa = XCVersionGroup;
			children = (
				ADEA51FF26C444D50093C3B5 /* Shared.xcdatamodel */,
			);
			currentVersion = ADEA51FF26C444D50093C3B5 /* Shared.xcdatamodel */;
			path = Reminisce.xcdatamodeld;
			sourceTree = "<group>";
			versionGroupType = wrapper.xcdatamodel;
		};
/* End XCVersionGroup section */
	};
	rootObject = ADEA51F926C444D50093C3B5 /* Project object */;
}
